// !$*UTF8*$!
{
	archiveVersion = 1;
	classes = {
	};
	objectVersion = 46;
	objects = {

/* Begin PBXBuildFile section */
		2D055AA81D3EBEE100E08DCC /* VoteBubbleTests.swift in Sources */ = {isa = PBXBuildFile; fileRef = 2D055AA71D3EBEE100E08DCC /* VoteBubbleTests.swift */; };
		2D283E7E1D36A0B700046727 /* CandidateBuildTableViewCell.swift in Sources */ = {isa = PBXBuildFile; fileRef = 2D283E7D1D36A0B700046727 /* CandidateBuildTableViewCell.swift */; };
		2D450DDB1D429ED700931F3B /* RoundButton.swift in Sources */ = {isa = PBXBuildFile; fileRef = 2D450DDA1D429ED700931F3B /* RoundButton.swift */; };
		2D47BFB71D36BC49008C9950 /* QuestionBuildTableViewCell.swift in Sources */ = {isa = PBXBuildFile; fileRef = 2D47BFB61D36BC49008C9950 /* QuestionBuildTableViewCell.swift */; };
		2D4C397C1D42973F005F3D53 /* DrawIcon.swift in Sources */ = {isa = PBXBuildFile; fileRef = 2D4C397B1D42973F005F3D53 /* DrawIcon.swift */; };
		2D4C397E1D4299D0005F3D53 /* ArrowButton.swift in Sources */ = {isa = PBXBuildFile; fileRef = 2D4C397D1D4299D0005F3D53 /* ArrowButton.swift */; };
		2D54B1D01D3BBB130002FB34 /* VoteButton.swift in Sources */ = {isa = PBXBuildFile; fileRef = 2D54B1CF1D3BBB130002FB34 /* VoteButton.swift */; };
		2D5950B01D46F48900C03BCB /* UUID+base64String.swift in Sources */ = {isa = PBXBuildFile; fileRef = 2DED18961D46E63A00B181E9 /* UUID+base64String.swift */; };
		2D5950B21D47995300C03BCB /* ReportTableViewController.swift in Sources */ = {isa = PBXBuildFile; fileRef = 2D5950B11D47995300C03BCB /* ReportTableViewController.swift */; };
		2D5950B41D479AAF00C03BCB /* CandidateReportTableViewCell.swift in Sources */ = {isa = PBXBuildFile; fileRef = 2D5950B31D479AAF00C03BCB /* CandidateReportTableViewCell.swift */; };
		2D5950B61D479AC100C03BCB /* QuestionReportTableViewCell.swift in Sources */ = {isa = PBXBuildFile; fileRef = 2D5950B51D479AC100C03BCB /* QuestionReportTableViewCell.swift */; };
		2D59523A1D33EEEE0000DF98 /* Assets.xcassets in Resources */ = {isa = PBXBuildFile; fileRef = 2D5952391D33EEEE0000DF98 /* Assets.xcassets */; };
		2D5952411D33EEEE0000DF98 /* MessagesExtension.appex in Embed App Extensions */ = {isa = PBXBuildFile; fileRef = 2D5952401D33EEEE0000DF98 /* MessagesExtension.appex */; settings = {ATTRIBUTES = (RemoveHeadersOnCopy, ); }; };
		2D5952461D33EEEE0000DF98 /* Messages.framework in Frameworks */ = {isa = PBXBuildFile; fileRef = 2D5952451D33EEEE0000DF98 /* Messages.framework */; };
		2D5952491D33EEEE0000DF98 /* MessagesViewController.swift in Sources */ = {isa = PBXBuildFile; fileRef = 2D5952481D33EEEE0000DF98 /* MessagesViewController.swift */; };
		2D59524E1D33EEEE0000DF98 /* Assets.xcassets in Resources */ = {isa = PBXBuildFile; fileRef = 2D59524D1D33EEEE0000DF98 /* Assets.xcassets */; };
		2D59525F1D33EFE80000DF98 /* Bubble.swift in Sources */ = {isa = PBXBuildFile; fileRef = 2D59525E1D33EFE80000DF98 /* Bubble.swift */; };
		2D5952611D33EFF00000DF98 /* BubbleButton.swift in Sources */ = {isa = PBXBuildFile; fileRef = 2D5952601D33EFF00000DF98 /* BubbleButton.swift */; };
		2D5952641D33EFFC0000DF98 /* MSMessageTemplateLayout+defaults.swift in Sources */ = {isa = PBXBuildFile; fileRef = 2D5952621D33EFFC0000DF98 /* MSMessageTemplateLayout+defaults.swift */; };
		2D5952651D33EFFC0000DF98 /* CGRect+bricks.swift in Sources */ = {isa = PBXBuildFile; fileRef = 2D5952631D33EFFC0000DF98 /* CGRect+bricks.swift */; };
		2D5952671D33F01F0000DF98 /* BrowseViewController.swift in Sources */ = {isa = PBXBuildFile; fileRef = 2D5952661D33F01F0000DF98 /* BrowseViewController.swift */; };
		2D59526C1D33F02A0000DF98 /* BuildViewController.swift in Sources */ = {isa = PBXBuildFile; fileRef = 2D5952681D33F02A0000DF98 /* BuildViewController.swift */; };
		2D59526D1D33F02A0000DF98 /* BuildTableViewController.swift in Sources */ = {isa = PBXBuildFile; fileRef = 2D5952691D33F02A0000DF98 /* BuildTableViewController.swift */; };
		2D59526E1D33F02A0000DF98 /* VoteViewController.swift in Sources */ = {isa = PBXBuildFile; fileRef = 2D59526A1D33F02A0000DF98 /* VoteViewController.swift */; };
		2D59526F1D33F02A0000DF98 /* ReportViewController.swift in Sources */ = {isa = PBXBuildFile; fileRef = 2D59526B1D33F02A0000DF98 /* ReportViewController.swift */; };
		2D5952731D33F0370000DF98 /* Ballot.swift in Sources */ = {isa = PBXBuildFile; fileRef = 2D5952701D33F0370000DF98 /* Ballot.swift */; };
		2D5952741D33F0370000DF98 /* Candidate.swift in Sources */ = {isa = PBXBuildFile; fileRef = 2D5952711D33F0370000DF98 /* Candidate.swift */; };
		2D5952751D33F0370000DF98 /* Figure.swift in Sources */ = {isa = PBXBuildFile; fileRef = 2D5952721D33F0370000DF98 /* Figure.swift */; };
		2D5952771D33F07F0000DF98 /* MainInterface.storyboard in Resources */ = {isa = PBXBuildFile; fileRef = 2D5952761D33F07F0000DF98 /* MainInterface.storyboard */; };
		2DA81C9D1D3BC88A00FC08D2 /* BrickView.swift in Sources */ = {isa = PBXBuildFile; fileRef = 2DA81C9C1D3BC88A00FC08D2 /* BrickView.swift */; };
		2DB740771D3853D600433E15 /* UIColor+Convenience.swift in Sources */ = {isa = PBXBuildFile; fileRef = 2DB740761D3853D600433E15 /* UIColor+Convenience.swift */; };
		2DB9B7AA1D4903FC005D762E /* MessagesChildViewController.swift in Sources */ = {isa = PBXBuildFile; fileRef = 2DB9B7A91D4903FC005D762E /* MessagesChildViewController.swift */; };
		2DC62A291D426EE900CD3F1D /* PlusIconView.swift in Sources */ = {isa = PBXBuildFile; fileRef = 2DC62A281D426EE900CD3F1D /* PlusIconView.swift */; };
		2DC71A4D1D3F18E800D1A366 /* UIColor+Convenience.swift in Sources */ = {isa = PBXBuildFile; fileRef = 2DB740761D3853D600433E15 /* UIColor+Convenience.swift */; };
		2DDF10FE1D3EC106005BE375 /* Ballot.swift in Sources */ = {isa = PBXBuildFile; fileRef = 2D5952701D33F0370000DF98 /* Ballot.swift */; };
		2DDF10FF1D3EC109005BE375 /* Candidate.swift in Sources */ = {isa = PBXBuildFile; fileRef = 2D5952711D33F0370000DF98 /* Candidate.swift */; };
		2DDF11001D3EC10B005BE375 /* Figure.swift in Sources */ = {isa = PBXBuildFile; fileRef = 2D5952721D33F0370000DF98 /* Figure.swift */; };
		2DDF11011D3EC164005BE375 /* Messages.framework in Frameworks */ = {isa = PBXBuildFile; fileRef = 2D5952451D33EEEE0000DF98 /* Messages.framework */; };
		2DDF11021D3EC18E005BE375 /* MSMessageTemplateLayout+defaults.swift in Sources */ = {isa = PBXBuildFile; fileRef = 2D5952621D33EFFC0000DF98 /* MSMessageTemplateLayout+defaults.swift */; };
		2DDF11031D3EC193005BE375 /* CGRect+bricks.swift in Sources */ = {isa = PBXBuildFile; fileRef = 2D5952631D33EFFC0000DF98 /* CGRect+bricks.swift */; };
		2DDF11051D3ED266005BE375 /* Ballot+url.swift in Sources */ = {isa = PBXBuildFile; fileRef = 2DDF11041D3ED266005BE375 /* Ballot+url.swift */; };
		2DDF11061D3ED266005BE375 /* Ballot+url.swift in Sources */ = {isa = PBXBuildFile; fileRef = 2DDF11041D3ED266005BE375 /* Ballot+url.swift */; };
		2DE237721D4C536800684E9F /* BallotCollectionViewCell.swift in Sources */ = {isa = PBXBuildFile; fileRef = 2DE237711D4C536800684E9F /* BallotCollectionViewCell.swift */; };
		2DE237761D4D316800684E9F /* DefaultBallots.swift in Sources */ = {isa = PBXBuildFile; fileRef = 2DE237751D4D316800684E9F /* DefaultBallots.swift */; };
		2DEAC4581D3FC81000823E0E /* Candidate+urlQueryItems.swift in Sources */ = {isa = PBXBuildFile; fileRef = 2DEAC4571D3FC81000823E0E /* Candidate+urlQueryItems.swift */; };
		2DEAC4591D3FC81C00823E0E /* Candidate+urlQueryItems.swift in Sources */ = {isa = PBXBuildFile; fileRef = 2DEAC4571D3FC81000823E0E /* Candidate+urlQueryItems.swift */; };
		2DED18971D46E63A00B181E9 /* UUID+base64String.swift in Sources */ = {isa = PBXBuildFile; fileRef = 2DED18961D46E63A00B181E9 /* UUID+base64String.swift */; };
		2DF1C7BB1D42B51C00F20B7C /* UIView+IBInspectables.swift in Sources */ = {isa = PBXBuildFile; fileRef = 2DF1C7BA1D42B51C00F20B7C /* UIView+IBInspectables.swift */; };
/* End PBXBuildFile section */

/* Begin PBXContainerItemProxy section */
		2D5952421D33EEEE0000DF98 /* PBXContainerItemProxy */ = {
			isa = PBXContainerItemProxy;
			containerPortal = 2D5952301D33EEEE0000DF98 /* Project object */;
			proxyType = 1;
			remoteGlobalIDString = 2D59523F1D33EEEE0000DF98;
			remoteInfo = MessagesExtension;
		};
/* End PBXContainerItemProxy section */

/* Begin PBXCopyFilesBuildPhase section */
		2D5952551D33EEEE0000DF98 /* Embed App Extensions */ = {
			isa = PBXCopyFilesBuildPhase;
			buildActionMask = 2147483647;
			dstPath = "";
			dstSubfolderSpec = 13;
			files = (
				2D5952411D33EEEE0000DF98 /* MessagesExtension.appex in Embed App Extensions */,
			);
			name = "Embed App Extensions";
			runOnlyForDeploymentPostprocessing = 0;
		};
/* End PBXCopyFilesBuildPhase section */

/* Begin PBXFileReference section */
		2D055AA51D3EBEE000E08DCC /* VoteBubbleTests.xctest */ = {isa = PBXFileReference; explicitFileType = wrapper.cfbundle; includeInIndex = 0; path = VoteBubbleTests.xctest; sourceTree = BUILT_PRODUCTS_DIR; };
		2D055AA71D3EBEE100E08DCC /* VoteBubbleTests.swift */ = {isa = PBXFileReference; lastKnownFileType = sourcecode.swift; path = VoteBubbleTests.swift; sourceTree = "<group>"; };
		2D055AA91D3EBEE100E08DCC /* Info.plist */ = {isa = PBXFileReference; lastKnownFileType = text.plist.xml; path = Info.plist; sourceTree = "<group>"; };
		2D283E7D1D36A0B700046727 /* CandidateBuildTableViewCell.swift */ = {isa = PBXFileReference; fileEncoding = 4; lastKnownFileType = sourcecode.swift; path = CandidateBuildTableViewCell.swift; sourceTree = "<group>"; };
		2D450DDA1D429ED700931F3B /* RoundButton.swift */ = {isa = PBXFileReference; fileEncoding = 4; lastKnownFileType = sourcecode.swift; path = RoundButton.swift; sourceTree = "<group>"; };
		2D47BFB61D36BC49008C9950 /* QuestionBuildTableViewCell.swift */ = {isa = PBXFileReference; fileEncoding = 4; lastKnownFileType = sourcecode.swift; path = QuestionBuildTableViewCell.swift; sourceTree = "<group>"; };
		2D4C397B1D42973F005F3D53 /* DrawIcon.swift */ = {isa = PBXFileReference; fileEncoding = 4; lastKnownFileType = sourcecode.swift; path = DrawIcon.swift; sourceTree = "<group>"; };
		2D4C397D1D4299D0005F3D53 /* ArrowButton.swift */ = {isa = PBXFileReference; fileEncoding = 4; lastKnownFileType = sourcecode.swift; path = ArrowButton.swift; sourceTree = "<group>"; };
		2D54B1CF1D3BBB130002FB34 /* VoteButton.swift */ = {isa = PBXFileReference; fileEncoding = 4; lastKnownFileType = sourcecode.swift; path = VoteButton.swift; sourceTree = "<group>"; };
		2D5950B11D47995300C03BCB /* ReportTableViewController.swift */ = {isa = PBXFileReference; fileEncoding = 4; lastKnownFileType = sourcecode.swift; path = ReportTableViewController.swift; sourceTree = "<group>"; };
		2D5950B31D479AAF00C03BCB /* CandidateReportTableViewCell.swift */ = {isa = PBXFileReference; fileEncoding = 4; lastKnownFileType = sourcecode.swift; path = CandidateReportTableViewCell.swift; sourceTree = "<group>"; };
		2D5950B51D479AC100C03BCB /* QuestionReportTableViewCell.swift */ = {isa = PBXFileReference; fileEncoding = 4; lastKnownFileType = sourcecode.swift; path = QuestionReportTableViewCell.swift; sourceTree = "<group>"; };
		2D5952361D33EEEE0000DF98 /* VoteBubble.app */ = {isa = PBXFileReference; explicitFileType = wrapper.application; includeInIndex = 0; path = VoteBubble.app; sourceTree = BUILT_PRODUCTS_DIR; };
		2D5952391D33EEEE0000DF98 /* Assets.xcassets */ = {isa = PBXFileReference; lastKnownFileType = folder.assetcatalog; path = Assets.xcassets; sourceTree = "<group>"; };
		2D59523B1D33EEEE0000DF98 /* Info.plist */ = {isa = PBXFileReference; lastKnownFileType = text.plist.xml; path = Info.plist; sourceTree = "<group>"; };
		2D5952401D33EEEE0000DF98 /* MessagesExtension.appex */ = {isa = PBXFileReference; explicitFileType = "wrapper.app-extension"; includeInIndex = 0; path = MessagesExtension.appex; sourceTree = BUILT_PRODUCTS_DIR; };
		2D5952451D33EEEE0000DF98 /* Messages.framework */ = {isa = PBXFileReference; lastKnownFileType = wrapper.framework; name = Messages.framework; path = System/Library/Frameworks/Messages.framework; sourceTree = SDKROOT; };
		2D5952481D33EEEE0000DF98 /* MessagesViewController.swift */ = {isa = PBXFileReference; lastKnownFileType = sourcecode.swift; path = MessagesViewController.swift; sourceTree = "<group>"; };
		2D59524D1D33EEEE0000DF98 /* Assets.xcassets */ = {isa = PBXFileReference; lastKnownFileType = folder.assetcatalog; path = Assets.xcassets; sourceTree = "<group>"; };
		2D59524F1D33EEEE0000DF98 /* Info.plist */ = {isa = PBXFileReference; lastKnownFileType = text.plist.xml; path = Info.plist; sourceTree = "<group>"; };
		2D59525E1D33EFE80000DF98 /* Bubble.swift */ = {isa = PBXFileReference; fileEncoding = 4; lastKnownFileType = sourcecode.swift; path = Bubble.swift; sourceTree = "<group>"; };
		2D5952601D33EFF00000DF98 /* BubbleButton.swift */ = {isa = PBXFileReference; fileEncoding = 4; lastKnownFileType = sourcecode.swift; path = BubbleButton.swift; sourceTree = "<group>"; };
		2D5952621D33EFFC0000DF98 /* MSMessageTemplateLayout+defaults.swift */ = {isa = PBXFileReference; fileEncoding = 4; lastKnownFileType = sourcecode.swift; path = "MSMessageTemplateLayout+defaults.swift"; sourceTree = "<group>"; };
		2D5952631D33EFFC0000DF98 /* CGRect+bricks.swift */ = {isa = PBXFileReference; fileEncoding = 4; lastKnownFileType = sourcecode.swift; path = "CGRect+bricks.swift"; sourceTree = "<group>"; };
		2D5952661D33F01F0000DF98 /* BrowseViewController.swift */ = {isa = PBXFileReference; fileEncoding = 4; lastKnownFileType = sourcecode.swift; path = BrowseViewController.swift; sourceTree = "<group>"; };
		2D5952681D33F02A0000DF98 /* BuildViewController.swift */ = {isa = PBXFileReference; fileEncoding = 4; lastKnownFileType = sourcecode.swift; path = BuildViewController.swift; sourceTree = "<group>"; };
		2D5952691D33F02A0000DF98 /* BuildTableViewController.swift */ = {isa = PBXFileReference; fileEncoding = 4; lastKnownFileType = sourcecode.swift; path = BuildTableViewController.swift; sourceTree = "<group>"; };
		2D59526A1D33F02A0000DF98 /* VoteViewController.swift */ = {isa = PBXFileReference; fileEncoding = 4; lastKnownFileType = sourcecode.swift; path = VoteViewController.swift; sourceTree = "<group>"; };
		2D59526B1D33F02A0000DF98 /* ReportViewController.swift */ = {isa = PBXFileReference; fileEncoding = 4; lastKnownFileType = sourcecode.swift; path = ReportViewController.swift; sourceTree = "<group>"; };
		2D5952701D33F0370000DF98 /* Ballot.swift */ = {isa = PBXFileReference; fileEncoding = 4; lastKnownFileType = sourcecode.swift; path = Ballot.swift; sourceTree = "<group>"; };
		2D5952711D33F0370000DF98 /* Candidate.swift */ = {isa = PBXFileReference; fileEncoding = 4; lastKnownFileType = sourcecode.swift; path = Candidate.swift; sourceTree = "<group>"; };
		2D5952721D33F0370000DF98 /* Figure.swift */ = {isa = PBXFileReference; fileEncoding = 4; lastKnownFileType = sourcecode.swift; path = Figure.swift; sourceTree = "<group>"; };
		2D5952761D33F07F0000DF98 /* MainInterface.storyboard */ = {isa = PBXFileReference; fileEncoding = 4; lastKnownFileType = file.storyboard; path = MainInterface.storyboard; sourceTree = "<group>"; };
		2D59527A1D3425FB0000DF98 /* KeyboardAwareness.swift */ = {isa = PBXFileReference; fileEncoding = 4; lastKnownFileType = sourcecode.swift; path = KeyboardAwareness.swift; sourceTree = "<group>"; };
		2DA81C9C1D3BC88A00FC08D2 /* BrickView.swift */ = {isa = PBXFileReference; fileEncoding = 4; lastKnownFileType = sourcecode.swift; path = BrickView.swift; sourceTree = "<group>"; };
		2DB740761D3853D600433E15 /* UIColor+Convenience.swift */ = {isa = PBXFileReference; fileEncoding = 4; lastKnownFileType = sourcecode.swift; path = "UIColor+Convenience.swift"; sourceTree = "<group>"; };
		2DB9B7A91D4903FC005D762E /* MessagesChildViewController.swift */ = {isa = PBXFileReference; fileEncoding = 4; lastKnownFileType = sourcecode.swift; path = MessagesChildViewController.swift; sourceTree = "<group>"; };
		2DC62A281D426EE900CD3F1D /* PlusIconView.swift */ = {isa = PBXFileReference; fileEncoding = 4; lastKnownFileType = sourcecode.swift; path = PlusIconView.swift; sourceTree = "<group>"; };
		2DDF11041D3ED266005BE375 /* Ballot+url.swift */ = {isa = PBXFileReference; fileEncoding = 4; lastKnownFileType = sourcecode.swift; path = "Ballot+url.swift"; sourceTree = "<group>"; };
		2DDF11071D3EEEA4005BE375 /* String+split.swift */ = {isa = PBXFileReference; fileEncoding = 4; lastKnownFileType = sourcecode.swift; path = "String+split.swift"; sourceTree = "<group>"; };
		2DDF110A1D3EFED1005BE375 /* Int+urlCharacter.swift */ = {isa = PBXFileReference; fileEncoding = 4; lastKnownFileType = sourcecode.swift; path = "Int+urlCharacter.swift"; sourceTree = "<group>"; };
		2DE237711D4C536800684E9F /* BallotCollectionViewCell.swift */ = {isa = PBXFileReference; fileEncoding = 4; lastKnownFileType = sourcecode.swift; path = BallotCollectionViewCell.swift; sourceTree = "<group>"; };
		2DE237751D4D316800684E9F /* DefaultBallots.swift */ = {isa = PBXFileReference; fileEncoding = 4; lastKnownFileType = sourcecode.swift; path = DefaultBallots.swift; sourceTree = "<group>"; };
		2DEAC4571D3FC81000823E0E /* Candidate+urlQueryItems.swift */ = {isa = PBXFileReference; fileEncoding = 4; lastKnownFileType = sourcecode.swift; path = "Candidate+urlQueryItems.swift"; sourceTree = "<group>"; };
		2DED18961D46E63A00B181E9 /* UUID+base64String.swift */ = {isa = PBXFileReference; fileEncoding = 4; lastKnownFileType = sourcecode.swift; path = "UUID+base64String.swift"; sourceTree = "<group>"; };
		2DF1C7BA1D42B51C00F20B7C /* UIView+IBInspectables.swift */ = {isa = PBXFileReference; fileEncoding = 4; lastKnownFileType = sourcecode.swift; path = "UIView+IBInspectables.swift"; sourceTree = "<group>"; };
/* End PBXFileReference section */

/* Begin PBXFrameworksBuildPhase section */
		2D055AA21D3EBEE000E08DCC /* Frameworks */ = {
			isa = PBXFrameworksBuildPhase;
			buildActionMask = 2147483647;
			files = (
				2DDF11011D3EC164005BE375 /* Messages.framework in Frameworks */,
			);
			runOnlyForDeploymentPostprocessing = 0;
		};
		2D59523D1D33EEEE0000DF98 /* Frameworks */ = {
			isa = PBXFrameworksBuildPhase;
			buildActionMask = 2147483647;
			files = (
				2D5952461D33EEEE0000DF98 /* Messages.framework in Frameworks */,
			);
			runOnlyForDeploymentPostprocessing = 0;
		};
/* End PBXFrameworksBuildPhase section */

/* Begin PBXGroup section */
		2D055AA61D3EBEE100E08DCC /* VoteBubbleTests */ = {
			isa = PBXGroup;
			children = (
				2D055AA71D3EBEE100E08DCC /* VoteBubbleTests.swift */,
				2D055AA91D3EBEE100E08DCC /* Info.plist */,
			);
			path = VoteBubbleTests;
			sourceTree = "<group>";
		};
		2D2C803E1D367D5A0070DB41 /* Report View */ = {
			isa = PBXGroup;
			children = (
				2D59526B1D33F02A0000DF98 /* ReportViewController.swift */,
				2D5950B11D47995300C03BCB /* ReportTableViewController.swift */,
				2D5950B31D479AAF00C03BCB /* CandidateReportTableViewCell.swift */,
				2D5950B51D479AC100C03BCB /* QuestionReportTableViewCell.swift */,
			);
			name = "Report View";
			sourceTree = "<group>";
		};
		2D2C803F1D367D670070DB41 /* Vote View */ = {
			isa = PBXGroup;
			children = (
				2D59526A1D33F02A0000DF98 /* VoteViewController.swift */,
				2D54B1CF1D3BBB130002FB34 /* VoteButton.swift */,
			);
			name = "Vote View";
			sourceTree = "<group>";
		};
		2D2C80401D367D770070DB41 /* Build View */ = {
			isa = PBXGroup;
			children = (
				2D5952681D33F02A0000DF98 /* BuildViewController.swift */,
				2D5952691D33F02A0000DF98 /* BuildTableViewController.swift */,
				2D283E7D1D36A0B700046727 /* CandidateBuildTableViewCell.swift */,
				2D47BFB61D36BC49008C9950 /* QuestionBuildTableViewCell.swift */,
			);
			name = "Build View";
			sourceTree = "<group>";
		};
		2D2C80411D367D880070DB41 /* Browse View */ = {
			isa = PBXGroup;
			children = (
				2D5952661D33F01F0000DF98 /* BrowseViewController.swift */,
				2DE237711D4C536800684E9F /* BallotCollectionViewCell.swift */,
				2DE237751D4D316800684E9F /* DefaultBallots.swift */,
			);
			name = "Browse View";
			sourceTree = "<group>";
		};
		2D2C80421D367D960070DB41 /* Messages View */ = {
			isa = PBXGroup;
			children = (
				2D5952481D33EEEE0000DF98 /* MessagesViewController.swift */,
				2DB9B7A91D4903FC005D762E /* MessagesChildViewController.swift */,
				2D59527A1D3425FB0000DF98 /* KeyboardAwareness.swift */,
			);
			name = "Messages View";
			sourceTree = "<group>";
		};
		2D2C80431D367DF90070DB41 /* Utility */ = {
			isa = PBXGroup;
			children = (
				2DF1C7BA1D42B51C00F20B7C /* UIView+IBInspectables.swift */,
				2D59525E1D33EFE80000DF98 /* Bubble.swift */,
				2D4C397B1D42973F005F3D53 /* DrawIcon.swift */,
				2DC62A281D426EE900CD3F1D /* PlusIconView.swift */,
				2D4C397D1D4299D0005F3D53 /* ArrowButton.swift */,
				2D450DDA1D429ED700931F3B /* RoundButton.swift */,
				2D5952601D33EFF00000DF98 /* BubbleButton.swift */,
				2D5952621D33EFFC0000DF98 /* MSMessageTemplateLayout+defaults.swift */,
				2D5952631D33EFFC0000DF98 /* CGRect+bricks.swift */,
				2DB740761D3853D600433E15 /* UIColor+Convenience.swift */,
				2DDF11071D3EEEA4005BE375 /* String+split.swift */,
				2DDF110A1D3EFED1005BE375 /* Int+urlCharacter.swift */,
				2DED18961D46E63A00B181E9 /* UUID+base64String.swift */,
				2DA81C9C1D3BC88A00FC08D2 /* BrickView.swift */,
			);
			name = Utility;
			sourceTree = "<group>";
		};
		2D59522F1D33EEEE0000DF98 = {
			isa = PBXGroup;
			children = (
				2D5952381D33EEEE0000DF98 /* VoteBubbleApp */,
				2D5952471D33EEEE0000DF98 /* MessagesExtension */,
				2D055AA61D3EBEE100E08DCC /* VoteBubbleTests */,
				2D5952441D33EEEE0000DF98 /* Frameworks */,
				2D5952371D33EEEE0000DF98 /* Products */,
			);
			sourceTree = "<group>";
		};
		2D5952371D33EEEE0000DF98 /* Products */ = {
			isa = PBXGroup;
			children = (
				2D5952361D33EEEE0000DF98 /* VoteBubble.app */,
				2D5952401D33EEEE0000DF98 /* MessagesExtension.appex */,
				2D055AA51D3EBEE000E08DCC /* VoteBubbleTests.xctest */,
			);
			name = Products;
			sourceTree = "<group>";
		};
		2D5952381D33EEEE0000DF98 /* VoteBubbleApp */ = {
			isa = PBXGroup;
			children = (
				2D5952391D33EEEE0000DF98 /* Assets.xcassets */,
				2D59523B1D33EEEE0000DF98 /* Info.plist */,
			);
			name = VoteBubbleApp;
			path = "Vote Bubble";
			sourceTree = "<group>";
		};
		2D5952441D33EEEE0000DF98 /* Frameworks */ = {
			isa = PBXGroup;
			children = (
				2D5952451D33EEEE0000DF98 /* Messages.framework */,
			);
			name = Frameworks;
			sourceTree = "<group>";
		};
		2D5952471D33EEEE0000DF98 /* MessagesExtension */ = {
			isa = PBXGroup;
			children = (
				2D2C80431D367DF90070DB41 /* Utility */,
				2D2C80421D367D960070DB41 /* Messages View */,
				2D2C80411D367D880070DB41 /* Browse View */,
				2D2C803F1D367D670070DB41 /* Vote View */,
				2D2C80401D367D770070DB41 /* Build View */,
				2D2C803E1D367D5A0070DB41 /* Report View */,
				2D5952591D33EF4F0000DF98 /* Model */,
				2D5952761D33F07F0000DF98 /* MainInterface.storyboard */,
				2D59524D1D33EEEE0000DF98 /* Assets.xcassets */,
				2D59524F1D33EEEE0000DF98 /* Info.plist */,
			);
			path = MessagesExtension;
			sourceTree = "<group>";
		};
		2D5952591D33EF4F0000DF98 /* Model */ = {
			isa = PBXGroup;
			children = (
				2D5952701D33F0370000DF98 /* Ballot.swift */,
				2DDF11041D3ED266005BE375 /* Ballot+url.swift */,
				2D5952711D33F0370000DF98 /* Candidate.swift */,
				2DEAC4571D3FC81000823E0E /* Candidate+urlQueryItems.swift */,
				2D5952721D33F0370000DF98 /* Figure.swift */,
			);
			name = Model;
			sourceTree = "<group>";
		};
/* End PBXGroup section */

/* Begin PBXNativeTarget section */
		2D055AA41D3EBEE000E08DCC /* VoteBubbleTests */ = {
			isa = PBXNativeTarget;
			buildConfigurationList = 2D055AAA1D3EBEE100E08DCC /* Build configuration list for PBXNativeTarget "VoteBubbleTests" */;
			buildPhases = (
				2D055AA11D3EBEE000E08DCC /* Sources */,
				2D055AA21D3EBEE000E08DCC /* Frameworks */,
				2D055AA31D3EBEE000E08DCC /* Resources */,
			);
			buildRules = (
			);
			dependencies = (
			);
			name = VoteBubbleTests;
			productName = VoteBubbleTests;
			productReference = 2D055AA51D3EBEE000E08DCC /* VoteBubbleTests.xctest */;
			productType = "com.apple.product-type.bundle.unit-test";
		};
		2D5952351D33EEEE0000DF98 /* VoteBubble */ = {
			isa = PBXNativeTarget;
			buildConfigurationList = 2D5952561D33EEEE0000DF98 /* Build configuration list for PBXNativeTarget "VoteBubble" */;
			buildPhases = (
				2D5952341D33EEEE0000DF98 /* Resources */,
				2D5952551D33EEEE0000DF98 /* Embed App Extensions */,
			);
			buildRules = (
			);
			dependencies = (
				2D5952431D33EEEE0000DF98 /* PBXTargetDependency */,
			);
			name = VoteBubble;
			productName = "Vote Bubble";
			productReference = 2D5952361D33EEEE0000DF98 /* VoteBubble.app */;
			productType = "com.apple.product-type.application.messages";
		};
		2D59523F1D33EEEE0000DF98 /* MessagesExtension */ = {
			isa = PBXNativeTarget;
			buildConfigurationList = 2D5952521D33EEEE0000DF98 /* Build configuration list for PBXNativeTarget "MessagesExtension" */;
			buildPhases = (
				2D59523C1D33EEEE0000DF98 /* Sources */,
				2D59523D1D33EEEE0000DF98 /* Frameworks */,
				2D59523E1D33EEEE0000DF98 /* Resources */,
			);
			buildRules = (
			);
			dependencies = (
			);
			name = MessagesExtension;
			productName = MessagesExtension;
			productReference = 2D5952401D33EEEE0000DF98 /* MessagesExtension.appex */;
			productType = "com.apple.product-type.app-extension.messages";
		};
/* End PBXNativeTarget section */

/* Begin PBXProject section */
		2D5952301D33EEEE0000DF98 /* Project object */ = {
			isa = PBXProject;
			attributes = {
				LastSwiftUpdateCheck = 0800;
				LastUpgradeCheck = 0800;
				ORGANIZATIONNAME = "Warren Whipple";
				TargetAttributes = {
					2D055AA41D3EBEE000E08DCC = {
						CreatedOnToolsVersion = 8.0;
						DevelopmentTeam = J627TVEKXG;
						DevelopmentTeamName = "Warren Whipple";
						ProvisioningStyle = Automatic;
					};
					2D5952351D33EEEE0000DF98 = {
						CreatedOnToolsVersion = 8.0;
						DevelopmentTeam = J627TVEKXG;
						DevelopmentTeamName = "Warren Whipple";
						ProvisioningStyle = Automatic;
					};
					2D59523F1D33EEEE0000DF98 = {
						CreatedOnToolsVersion = 8.0;
						DevelopmentTeam = J627TVEKXG;
						DevelopmentTeamName = "Warren Whipple";
						ProvisioningStyle = Automatic;
					};
				};
			};
			buildConfigurationList = 2D5952331D33EEEE0000DF98 /* Build configuration list for PBXProject "VoteBubble" */;
			compatibilityVersion = "Xcode 3.2";
			developmentRegion = English;
			hasScannedForEncodings = 0;
			knownRegions = (
				en,
				Base,
			);
			mainGroup = 2D59522F1D33EEEE0000DF98;
			productRefGroup = 2D5952371D33EEEE0000DF98 /* Products */;
			projectDirPath = "";
			projectRoot = "";
			targets = (
				2D5952351D33EEEE0000DF98 /* VoteBubble */,
				2D59523F1D33EEEE0000DF98 /* MessagesExtension */,
				2D055AA41D3EBEE000E08DCC /* VoteBubbleTests */,
			);
		};
/* End PBXProject section */

/* Begin PBXResourcesBuildPhase section */
		2D055AA31D3EBEE000E08DCC /* Resources */ = {
			isa = PBXResourcesBuildPhase;
			buildActionMask = 2147483647;
			files = (
			);
			runOnlyForDeploymentPostprocessing = 0;
		};
		2D5952341D33EEEE0000DF98 /* Resources */ = {
			isa = PBXResourcesBuildPhase;
			buildActionMask = 2147483647;
			files = (
				2D59523A1D33EEEE0000DF98 /* Assets.xcassets in Resources */,
			);
			runOnlyForDeploymentPostprocessing = 0;
		};
		2D59523E1D33EEEE0000DF98 /* Resources */ = {
			isa = PBXResourcesBuildPhase;
			buildActionMask = 2147483647;
			files = (
				2D59524E1D33EEEE0000DF98 /* Assets.xcassets in Resources */,
				2D5952771D33F07F0000DF98 /* MainInterface.storyboard in Resources */,
			);
			runOnlyForDeploymentPostprocessing = 0;
		};
/* End PBXResourcesBuildPhase section */

/* Begin PBXSourcesBuildPhase section */
		2D055AA11D3EBEE000E08DCC /* Sources */ = {
			isa = PBXSourcesBuildPhase;
			buildActionMask = 2147483647;
			files = (
				2DDF10FF1D3EC109005BE375 /* Candidate.swift in Sources */,
				2DDF11031D3EC193005BE375 /* CGRect+bricks.swift in Sources */,
				2DDF11001D3EC10B005BE375 /* Figure.swift in Sources */,
				2D055AA81D3EBEE100E08DCC /* VoteBubbleTests.swift in Sources */,
				2DDF11021D3EC18E005BE375 /* MSMessageTemplateLayout+defaults.swift in Sources */,
				2DDF10FE1D3EC106005BE375 /* Ballot.swift in Sources */,
				2DEAC4591D3FC81C00823E0E /* Candidate+urlQueryItems.swift in Sources */,
				2D5950B01D46F48900C03BCB /* UUID+base64String.swift in Sources */,
				2DDF11061D3ED266005BE375 /* Ballot+url.swift in Sources */,
				2DC71A4D1D3F18E800D1A366 /* UIColor+Convenience.swift in Sources */,
			);
			runOnlyForDeploymentPostprocessing = 0;
		};
		2D59523C1D33EEEE0000DF98 /* Sources */ = {
			isa = PBXSourcesBuildPhase;
			buildActionMask = 2147483647;
			files = (
				2D450DDB1D429ED700931F3B /* RoundButton.swift in Sources */,
				2D59526D1D33F02A0000DF98 /* BuildTableViewController.swift in Sources */,
				2D5952671D33F01F0000DF98 /* BrowseViewController.swift in Sources */,
				2D5952611D33EFF00000DF98 /* BubbleButton.swift in Sources */,
				2D5950B21D47995300C03BCB /* ReportTableViewController.swift in Sources */,
				2DE237761D4D316800684E9F /* DefaultBallots.swift in Sources */,
				2D5952741D33F0370000DF98 /* Candidate.swift in Sources */,
				2DED18971D46E63A00B181E9 /* UUID+base64String.swift in Sources */,
				2D5952491D33EEEE0000DF98 /* MessagesViewController.swift in Sources */,
				2D59525F1D33EFE80000DF98 /* Bubble.swift in Sources */,
				2D59526C1D33F02A0000DF98 /* BuildViewController.swift in Sources */,
				2D59526E1D33F02A0000DF98 /* VoteViewController.swift in Sources */,
				2DEAC4581D3FC81000823E0E /* Candidate+urlQueryItems.swift in Sources */,
				2D5952651D33EFFC0000DF98 /* CGRect+bricks.swift in Sources */,
				2D5952751D33F0370000DF98 /* Figure.swift in Sources */,
				2DC62A291D426EE900CD3F1D /* PlusIconView.swift in Sources */,
				2D283E7E1D36A0B700046727 /* CandidateBuildTableViewCell.swift in Sources */,
				2DA81C9D1D3BC88A00FC08D2 /* BrickView.swift in Sources */,
				2D47BFB71D36BC49008C9950 /* QuestionBuildTableViewCell.swift in Sources */,
				2DF1C7BB1D42B51C00F20B7C /* UIView+IBInspectables.swift in Sources */,
				2DE237721D4C536800684E9F /* BallotCollectionViewCell.swift in Sources */,
				2D5952731D33F0370000DF98 /* Ballot.swift in Sources */,
				2DB740771D3853D600433E15 /* UIColor+Convenience.swift in Sources */,
				2D5950B41D479AAF00C03BCB /* CandidateReportTableViewCell.swift in Sources */,
				2D59526F1D33F02A0000DF98 /* ReportViewController.swift in Sources */,
				2D4C397E1D4299D0005F3D53 /* ArrowButton.swift in Sources */,
				2D4C397C1D42973F005F3D53 /* DrawIcon.swift in Sources */,
				2D5952641D33EFFC0000DF98 /* MSMessageTemplateLayout+defaults.swift in Sources */,
				2D54B1D01D3BBB130002FB34 /* VoteButton.swift in Sources */,
				2DB9B7AA1D4903FC005D762E /* MessagesChildViewController.swift in Sources */,
				2D5950B61D479AC100C03BCB /* QuestionReportTableViewCell.swift in Sources */,
				2DDF11051D3ED266005BE375 /* Ballot+url.swift in Sources */,
			);
			runOnlyForDeploymentPostprocessing = 0;
		};
/* End PBXSourcesBuildPhase section */

/* Begin PBXTargetDependency section */
		2D5952431D33EEEE0000DF98 /* PBXTargetDependency */ = {
			isa = PBXTargetDependency;
			target = 2D59523F1D33EEEE0000DF98 /* MessagesExtension */;
			targetProxy = 2D5952421D33EEEE0000DF98 /* PBXContainerItemProxy */;
		};
/* End PBXTargetDependency section */

/* Begin XCBuildConfiguration section */
		2D055AAB1D3EBEE100E08DCC /* Debug */ = {
			isa = XCBuildConfiguration;
			buildSettings = {
				INFOPLIST_FILE = VoteBubbleTests/Info.plist;
				LD_RUNPATH_SEARCH_PATHS = "$(inherited) @executable_path/Frameworks @loader_path/Frameworks";
				PRODUCT_BUNDLE_IDENTIFIER = com.warrenwhipple.VoteBubbleTests;
				PRODUCT_NAME = "$(TARGET_NAME)";
				SWIFT_VERSION = 3.0;
			};
			name = Debug;
		};
		2D055AAC1D3EBEE100E08DCC /* Release */ = {
			isa = XCBuildConfiguration;
			buildSettings = {
				INFOPLIST_FILE = VoteBubbleTests/Info.plist;
				LD_RUNPATH_SEARCH_PATHS = "$(inherited) @executable_path/Frameworks @loader_path/Frameworks";
				PRODUCT_BUNDLE_IDENTIFIER = com.warrenwhipple.VoteBubbleTests;
				PRODUCT_NAME = "$(TARGET_NAME)";
				SWIFT_VERSION = 3.0;
			};
			name = Release;
		};
		2D5952501D33EEEE0000DF98 /* Debug */ = {
			isa = XCBuildConfiguration;
			buildSettings = {
				ALWAYS_SEARCH_USER_PATHS = NO;
				CLANG_ANALYZER_NONNULL = YES;
				CLANG_CXX_LANGUAGE_STANDARD = "gnu++0x";
				CLANG_CXX_LIBRARY = "libc++";
				CLANG_ENABLE_MODULES = YES;
				CLANG_ENABLE_OBJC_ARC = YES;
				CLANG_WARN_BOOL_CONVERSION = YES;
				CLANG_WARN_CONSTANT_CONVERSION = YES;
				CLANG_WARN_DIRECT_OBJC_ISA_USAGE = YES_ERROR;
				CLANG_WARN_DOCUMENTATION_COMMENTS = YES;
				CLANG_WARN_EMPTY_BODY = YES;
				CLANG_WARN_ENUM_CONVERSION = YES;
				CLANG_WARN_INT_CONVERSION = YES;
				CLANG_WARN_OBJC_ROOT_CLASS = YES_ERROR;
				CLANG_WARN_UNREACHABLE_CODE = YES;
				CLANG_WARN__DUPLICATE_METHOD_MATCH = YES;
				"CODE_SIGN_IDENTITY[sdk=iphoneos*]" = "iPhone Developer";
				COPY_PHASE_STRIP = NO;
				DEBUG_INFORMATION_FORMAT = dwarf;
				ENABLE_STRICT_OBJC_MSGSEND = YES;
				ENABLE_TESTABILITY = YES;
				GCC_C_LANGUAGE_STANDARD = gnu99;
				GCC_DYNAMIC_NO_PIC = NO;
				GCC_NO_COMMON_BLOCKS = YES;
				GCC_OPTIMIZATION_LEVEL = 0;
				GCC_PREPROCESSOR_DEFINITIONS = (
					"DEBUG=1",
					"$(inherited)",
				);
				GCC_WARN_64_TO_32_BIT_CONVERSION = YES;
				GCC_WARN_ABOUT_RETURN_TYPE = YES_ERROR;
				GCC_WARN_UNDECLARED_SELECTOR = YES;
				GCC_WARN_UNINITIALIZED_AUTOS = YES_AGGRESSIVE;
				GCC_WARN_UNUSED_FUNCTION = YES;
				GCC_WARN_UNUSED_VARIABLE = YES;
				IPHONEOS_DEPLOYMENT_TARGET = 10.0;
				MTL_ENABLE_DEBUG_INFO = YES;
				ONLY_ACTIVE_ARCH = YES;
				SDKROOT = iphoneos;
				SWIFT_ACTIVE_COMPILATION_CONDITIONS = DEBUG;
				SWIFT_OPTIMIZATION_LEVEL = "-Onone";
			};
			name = Debug;
		};
		2D5952511D33EEEE0000DF98 /* Release */ = {
			isa = XCBuildConfiguration;
			buildSettings = {
				ALWAYS_SEARCH_USER_PATHS = NO;
				CLANG_ANALYZER_NONNULL = YES;
				CLANG_CXX_LANGUAGE_STANDARD = "gnu++0x";
				CLANG_CXX_LIBRARY = "libc++";
				CLANG_ENABLE_MODULES = YES;
				CLANG_ENABLE_OBJC_ARC = YES;
				CLANG_WARN_BOOL_CONVERSION = YES;
				CLANG_WARN_CONSTANT_CONVERSION = YES;
				CLANG_WARN_DIRECT_OBJC_ISA_USAGE = YES_ERROR;
				CLANG_WARN_DOCUMENTATION_COMMENTS = YES;
				CLANG_WARN_EMPTY_BODY = YES;
				CLANG_WARN_ENUM_CONVERSION = YES;
				CLANG_WARN_INT_CONVERSION = YES;
				CLANG_WARN_OBJC_ROOT_CLASS = YES_ERROR;
				CLANG_WARN_UNREACHABLE_CODE = YES;
				CLANG_WARN__DUPLICATE_METHOD_MATCH = YES;
				"CODE_SIGN_IDENTITY[sdk=iphoneos*]" = "iPhone Developer";
				COPY_PHASE_STRIP = NO;
				DEBUG_INFORMATION_FORMAT = "dwarf-with-dsym";
				ENABLE_NS_ASSERTIONS = NO;
				ENABLE_STRICT_OBJC_MSGSEND = YES;
				GCC_C_LANGUAGE_STANDARD = gnu99;
				GCC_NO_COMMON_BLOCKS = YES;
				GCC_WARN_64_TO_32_BIT_CONVERSION = YES;
				GCC_WARN_ABOUT_RETURN_TYPE = YES_ERROR;
				GCC_WARN_UNDECLARED_SELECTOR = YES;
				GCC_WARN_UNINITIALIZED_AUTOS = YES_AGGRESSIVE;
				GCC_WARN_UNUSED_FUNCTION = YES;
				GCC_WARN_UNUSED_VARIABLE = YES;
				IPHONEOS_DEPLOYMENT_TARGET = 10.0;
				MTL_ENABLE_DEBUG_INFO = NO;
				SDKROOT = iphoneos;
				SWIFT_OPTIMIZATION_LEVEL = "-Owholemodule";
				VALIDATE_PRODUCT = YES;
			};
			name = Release;
		};
		2D5952531D33EEEE0000DF98 /* Debug */ = {
			isa = XCBuildConfiguration;
			buildSettings = {
				ASSETCATALOG_COMPILER_APPICON_NAME = "iMessage App Icon";
				INFOPLIST_FILE = MessagesExtension/Info.plist;
				LD_RUNPATH_SEARCH_PATHS = "$(inherited) @executable_path/Frameworks @executable_path/../../Frameworks";
				PRODUCT_BUNDLE_IDENTIFIER = com.warrenwhipple.VoteBubble.MessagesExtension;
				PRODUCT_NAME = "$(TARGET_NAME)";
				SKIP_INSTALL = YES;
				SWIFT_VERSION = 3.0;
			};
			name = Debug;
		};
		2D5952541D33EEEE0000DF98 /* Release */ = {
			isa = XCBuildConfiguration;
			buildSettings = {
				ASSETCATALOG_COMPILER_APPICON_NAME = "iMessage App Icon";
				INFOPLIST_FILE = MessagesExtension/Info.plist;
				LD_RUNPATH_SEARCH_PATHS = "$(inherited) @executable_path/Frameworks @executable_path/../../Frameworks";
				PRODUCT_BUNDLE_IDENTIFIER = com.warrenwhipple.VoteBubble.MessagesExtension;
				PRODUCT_NAME = "$(TARGET_NAME)";
				SKIP_INSTALL = YES;
				SWIFT_VERSION = 3.0;
			};
			name = Release;
		};
		2D5952571D33EEEE0000DF98 /* Debug */ = {
			isa = XCBuildConfiguration;
			buildSettings = {
				ALWAYS_EMBED_SWIFT_STANDARD_LIBRARIES = YES;
				ASSETCATALOG_COMPILER_APPICON_NAME = AppIcon;
				INFOPLIST_FILE = "Vote Bubble/Info.plist";
				PRODUCT_BUNDLE_IDENTIFIER = com.warrenwhipple.VoteBubble;
				PRODUCT_NAME = "$(TARGET_NAME)";
				SWIFT_VERSION = 3.0;
				TARGETED_DEVICE_FAMILY = "1,2";
			};
			name = Debug;
		};
		2D5952581D33EEEE0000DF98 /* Release */ = {
			isa = XCBuildConfiguration;
			buildSettings = {
				ALWAYS_EMBED_SWIFT_STANDARD_LIBRARIES = YES;
				ASSETCATALOG_COMPILER_APPICON_NAME = AppIcon;
				INFOPLIST_FILE = "Vote Bubble/Info.plist";
				PRODUCT_BUNDLE_IDENTIFIER = com.warrenwhipple.VoteBubble;
				PRODUCT_NAME = "$(TARGET_NAME)";
				SWIFT_VERSION = 3.0;
				TARGETED_DEVICE_FAMILY = "1,2";
			};
			name = Release;
		};
/* End XCBuildConfiguration section */

/* Begin XCConfigurationList section */
		2D055AAA1D3EBEE100E08DCC /* Build configuration list for PBXNativeTarget "VoteBubbleTests" */ = {
			isa = XCConfigurationList;
			buildConfigurations = (
				2D055AAB1D3EBEE100E08DCC /* Debug */,
				2D055AAC1D3EBEE100E08DCC /* Release */,
			);
			defaultConfigurationIsVisible = 0;
			defaultConfigurationName = Release;
		};
		2D5952331D33EEEE0000DF98 /* Build configuration list for PBXProject "VoteBubble" */ = {
			isa = XCConfigurationList;
			buildConfigurations = (
				2D5952501D33EEEE0000DF98 /* Debug */,
				2D5952511D33EEEE0000DF98 /* Release */,
			);
			defaultConfigurationIsVisible = 0;
			defaultConfigurationName = Release;
		};
		2D5952521D33EEEE0000DF98 /* Build configuration list for PBXNativeTarget "MessagesExtension" */ = {
			isa = XCConfigurationList;
			buildConfigurations = (
				2D5952531D33EEEE0000DF98 /* Debug */,
				2D5952541D33EEEE0000DF98 /* Release */,
			);
			defaultConfigurationIsVisible = 0;
			defaultConfigurationName = Release;
		};
		2D5952561D33EEEE0000DF98 /* Build configuration list for PBXNativeTarget "VoteBubble" */ = {
			isa = XCConfigurationList;
			buildConfigurations = (
				2D5952571D33EEEE0000DF98 /* Debug */,
				2D5952581D33EEEE0000DF98 /* Release */,
			);
			defaultConfigurationIsVisible = 0;
			defaultConfigurationName = Release;
		};
/* End XCConfigurationList section */
	};
	rootObject = 2D5952301D33EEEE0000DF98 /* Project object */;
}
